
Microsoft Visual Studio Solution File, Format Version 12.00
# Visual Studio Version 16
VisualStudioVersion = 16.0.29613.14
MinimumVisualStudioVersion = 10.0.40219.1
Project("{FAE04EC0-301F-11D3-BF4B-00C04F79EFBC}") = "LoginPass", "LoginPass\LoginPass.csproj", "{694B243A-CB32-4990-B7C1-DD41F71EF47A}"
EndProject
Project("{FAE04EC0-301F-11D3-BF4B-00C04F79EFBC}") = "Week", "Week\Week.csproj", "{8E50038A-B2E7-4834-80A0-6B6350D3A1B0}"
EndProject
Project("{FAE04EC0-301F-11D3-BF4B-00C04F79EFBC}") = "ListBoxTask3", "ListBoxTask3\ListBoxTask3.csproj", "{1B2982A8-9E2C-4780-877B-20B56534BF15}"
EndProject
Project("{FAE04EC0-301F-11D3-BF4B-00C04F79EFBC}") = "MealsBasket", "MealsBasket\MealsBasket.csproj", "{0956484B-8B10-4B70-9B0C-FD7DC7F1EB53}"
EndProject
Global
	GlobalSection(SolutionConfigurationPlatforms) = preSolution
		Debug|Any CPU = Debug|Any CPU
		Release|Any CPU = Release|Any CPU
	EndGlobalSection
	GlobalSection(ProjectConfigurationPlatforms) = postSolution
		{694B243A-CB32-4990-B7C1-DD41F71EF47A}.Debug|Any CPU.ActiveCfg = Debug|Any CPU
		{694B243A-CB32-4990-B7C1-DD41F71EF47A}.Debug|Any CPU.Build.0 = Debug|Any CPU
		{694B243A-CB32-4990-B7C1-DD41F71EF47A}.Release|Any CPU.ActiveCfg = Release|Any CPU
		{694B243A-CB32-4990-B7C1-DD41F71EF47A}.Release|Any CPU.Build.0 = Release|Any CPU
		{8E50038A-B2E7-4834-80A0-6B6350D3A1B0}.Debug|Any CPU.ActiveCfg = Debug|Any CPU
		{8E50038A-B2E7-4834-80A0-6B6350D3A1B0}.Debug|Any CPU.Build.0 = Debug|Any CPU
		{8E50038A-B2E7-4834-80A0-6B6350D3A1B0}.Release|Any CPU.ActiveCfg = Release|Any CPU
		{8E50038A-B2E7-4834-80A0-6B6350D3A1B0}.Release|Any CPU.Build.0 = Release|Any CPU
		{1B2982A8-9E2C-4780-877B-20B56534BF15}.Debug|Any CPU.ActiveCfg = Debug|Any CPU
		{1B2982A8-9E2C-4780-877B-20B56534BF15}.Debug|Any CPU.Build.0 = Debug|Any CPU
		{1B2982A8-9E2C-4780-877B-20B56534BF15}.Release|Any CPU.ActiveCfg = Release|Any CPU
		{1B2982A8-9E2C-4780-877B-20B56534BF15}.Release|Any CPU.Build.0 = Release|Any CPU
		{0956484B-8B10-4B70-9B0C-FD7DC7F1EB53}.Debug|Any CPU.ActiveCfg = Debug|Any CPU
		{0956484B-8B10-4B70-9B0C-FD7DC7F1EB53}.Debug|Any CPU.Build.0 = Debug|Any CPU
		{0956484B-8B10-4B70-9B0C-FD7DC7F1EB53}.Release|Any CPU.ActiveCfg = Release|Any CPU
		{0956484B-8B10-4B70-9B0C-FD7DC7F1EB53}.Release|Any CPU.Build.0 = Release|Any CPU
	EndGlobalSection
	GlobalSection(SolutionProperties) = preSolution
		HideSolutionNode = FALSE
	EndGlobalSection
	GlobalSection(ExtensibilityGlobals) = postSolution
		SolutionGuid = {38691BDC-7110-4431-B99F-37064EEAA2FA}
	EndGlobalSection
EndGlobal
